
Microsoft Visual Studio Solution File, Format Version 12.00
# Visual Studio Version 17
VisualStudioVersion = 17.0.32014.148
MinimumVisualStudioVersion = 10.0.40219.1
Project("{FAE04EC0-301F-11D3-BF4B-00C04F79EFBC}") = "Trading.Common.Dto", "Trading.Common.Dto\Trading.Common.Dto.csproj", "{DE1CF8AE-F821-435F-A0A6-F968B39E16B3}"
EndProject
Project("{FAE04EC0-301F-11D3-BF4B-00C04F79EFBC}") = "Trading.Business.Logic", "Trading.Business.Logic\Trading.Business.Logic.csproj", "{3ABD38AB-6B62-489A-BE6E-324C68CCC91F}"
EndProject
Project("{FAE04EC0-301F-11D3-BF4B-00C04F79EFBC}") = "Trading.Presentation.Website", "Trading.Presentation.Website\Trading.Presentation.Website.csproj", "{1514BF72-E189-4E5C-AE97-5BC80C0B55CE}"
EndProject
Global
	GlobalSection(SolutionConfigurationPlatforms) = preSolution
		Debug|Any CPU = Debug|Any CPU
		Release|Any CPU = Release|Any CPU
	EndGlobalSection
	GlobalSection(ProjectConfigurationPlatforms) = postSolution
		{DE1CF8AE-F821-435F-A0A6-F968B39E16B3}.Debug|Any CPU.ActiveCfg = Debug|Any CPU
		{DE1CF8AE-F821-435F-A0A6-F968B39E16B3}.Debug|Any CPU.Build.0 = Debug|Any CPU
		{DE1CF8AE-F821-435F-A0A6-F968B39E16B3}.Release|Any CPU.ActiveCfg = Release|Any CPU
		{DE1CF8AE-F821-435F-A0A6-F968B39E16B3}.Release|Any CPU.Build.0 = Release|Any CPU
		{3ABD38AB-6B62-489A-BE6E-324C68CCC91F}.Debug|Any CPU.ActiveCfg = Debug|Any CPU
		{3ABD38AB-6B62-489A-BE6E-324C68CCC91F}.Debug|Any CPU.Build.0 = Debug|Any CPU
		{3ABD38AB-6B62-489A-BE6E-324C68CCC91F}.Release|Any CPU.ActiveCfg = Release|Any CPU
		{3ABD38AB-6B62-489A-BE6E-324C68CCC91F}.Release|Any CPU.Build.0 = Release|Any CPU
		{1514BF72-E189-4E5C-AE97-5BC80C0B55CE}.Debug|Any CPU.ActiveCfg = Debug|Any CPU
		{1514BF72-E189-4E5C-AE97-5BC80C0B55CE}.Debug|Any CPU.Build.0 = Debug|Any CPU
		{1514BF72-E189-4E5C-AE97-5BC80C0B55CE}.Release|Any CPU.ActiveCfg = Release|Any CPU
		{1514BF72-E189-4E5C-AE97-5BC80C0B55CE}.Release|Any CPU.Build.0 = Release|Any CPU
	EndGlobalSection
	GlobalSection(SolutionProperties) = preSolution
		HideSolutionNode = FALSE
	EndGlobalSection
	GlobalSection(ExtensibilityGlobals) = postSolution
		SolutionGuid = {4D2707BC-5057-4260-B24B-67E47A5F79CA}
	EndGlobalSection
EndGlobal
